
Microsoft Visual Studio Solution File, Format Version 12.00
# Visual Studio Version 16
VisualStudioVersion = 16.0.30717.126
MinimumVisualStudioVersion = 15.0.26124.0
Project("{9A19103F-16F7-4668-BE54-9A1E7A4F7556}") = "Readers", "Readers\Readers.csproj", "{8B09B886-8E2C-4AD7-A506-05C237D6699D}"
EndProject
Project("{9A19103F-16F7-4668-BE54-9A1E7A4F7556}") = "Readers.Tests", "Readers.Tests\Readers.Tests.csproj", "{DE23C534-84F0-49C3-A22D-C6819A6AC629}"
EndProject
Project("{2150E333-8FDC-42A3-9474-1A3956D46DE8}") = "Solution Items", "Solution Items", "{754A90EB-2F05-41A2-8686-D642D266DD0C}"
	ProjectSection(SolutionItems) = preProject
		.gitignore = .gitignore
		README.MD = README.MD
	EndProjectSection
EndProject
Global
	GlobalSection(SolutionConfigurationPlatforms) = preSolution
		Debug|Any CPU = Debug|Any CPU
		Debug|x64 = Debug|x64
		Debug|x86 = Debug|x86
		Release|Any CPU = Release|Any CPU
		Release|x64 = Release|x64
		Release|x86 = Release|x86
	EndGlobalSection
	GlobalSection(ProjectConfigurationPlatforms) = postSolution
		{8B09B886-8E2C-4AD7-A506-05C237D6699D}.Debug|Any CPU.ActiveCfg = Debug|Any CPU
		{8B09B886-8E2C-4AD7-A506-05C237D6699D}.Debug|Any CPU.Build.0 = Debug|Any CPU
		{8B09B886-8E2C-4AD7-A506-05C237D6699D}.Debug|x64.ActiveCfg = Debug|Any CPU
		{8B09B886-8E2C-4AD7-A506-05C237D6699D}.Debug|x64.Build.0 = Debug|Any CPU
		{8B09B886-8E2C-4AD7-A506-05C237D6699D}.Debug|x86.ActiveCfg = Debug|Any CPU
		{8B09B886-8E2C-4AD7-A506-05C237D6699D}.Debug|x86.Build.0 = Debug|Any CPU
		{8B09B886-8E2C-4AD7-A506-05C237D6699D}.Release|Any CPU.ActiveCfg = Release|Any CPU
		{8B09B886-8E2C-4AD7-A506-05C237D6699D}.Release|Any CPU.Build.0 = Release|Any CPU
		{8B09B886-8E2C-4AD7-A506-05C237D6699D}.Release|x64.ActiveCfg = Release|Any CPU
		{8B09B886-8E2C-4AD7-A506-05C237D6699D}.Release|x64.Build.0 = Release|Any CPU
		{8B09B886-8E2C-4AD7-A506-05C237D6699D}.Release|x86.ActiveCfg = Release|Any CPU
		{8B09B886-8E2C-4AD7-A506-05C237D6699D}.Release|x86.Build.0 = Release|Any CPU
		{DE23C534-84F0-49C3-A22D-C6819A6AC629}.Debug|Any CPU.ActiveCfg = Debug|Any CPU
		{DE23C534-84F0-49C3-A22D-C6819A6AC629}.Debug|Any CPU.Build.0 = Debug|Any CPU
		{DE23C534-84F0-49C3-A22D-C6819A6AC629}.Debug|x64.ActiveCfg = Debug|Any CPU
		{DE23C534-84F0-49C3-A22D-C6819A6AC629}.Debug|x64.Build.0 = Debug|Any CPU
		{DE23C534-84F0-49C3-A22D-C6819A6AC629}.Debug|x86.ActiveCfg = Debug|Any CPU
		{DE23C534-84F0-49C3-A22D-C6819A6AC629}.Debug|x86.Build.0 = Debug|Any CPU
		{DE23C534-84F0-49C3-A22D-C6819A6AC629}.Release|Any CPU.ActiveCfg = Release|Any CPU
		{DE23C534-84F0-49C3-A22D-C6819A6AC629}.Release|Any CPU.Build.0 = Release|Any CPU
		{DE23C534-84F0-49C3-A22D-C6819A6AC629}.Release|x64.ActiveCfg = Release|Any CPU
		{DE23C534-84F0-49C3-A22D-C6819A6AC629}.Release|x64.Build.0 = Release|Any CPU
		{DE23C534-84F0-49C3-A22D-C6819A6AC629}.Release|x86.ActiveCfg = Release|Any CPU
		{DE23C534-84F0-49C3-A22D-C6819A6AC629}.Release|x86.Build.0 = Release|Any CPU
	EndGlobalSection
	GlobalSection(SolutionProperties) = preSolution
		HideSolutionNode = FALSE
	EndGlobalSection
	GlobalSection(ExtensibilityGlobals) = postSolution
		SolutionGuid = {03637ED9-AD2A-4015-96AC-416277C585F3}
	EndGlobalSection
EndGlobal
